// !$*UTF8*$!
{
	archiveVersion = 1;
	classes = {
	};
	objectVersion = 50;
	objects = {

/* Begin PBXBuildFile section */
		ED2603202391775500A67BAE /* AppDelegate.swift in Sources */ = {isa = PBXBuildFile; fileRef = ED26031F2391775500A67BAE /* AppDelegate.swift */; };
		ED2603222391775500A67BAE /* SceneDelegate.swift in Sources */ = {isa = PBXBuildFile; fileRef = ED2603212391775500A67BAE /* SceneDelegate.swift */; };
		ED2603272391775500A67BAE /* Main.storyboard in Resources */ = {isa = PBXBuildFile; fileRef = ED2603252391775500A67BAE /* Main.storyboard */; };
		ED26032A2391775500A67BAE /* Progress_Jornal.xcdatamodeld in Sources */ = {isa = PBXBuildFile; fileRef = ED2603282391775500A67BAE /* Progress_Jornal.xcdatamodeld */; };
		ED26032C2391775700A67BAE /* Assets.xcassets in Resources */ = {isa = PBXBuildFile; fileRef = ED26032B2391775700A67BAE /* Assets.xcassets */; };
		ED26032F2391775700A67BAE /* LaunchScreen.storyboard in Resources */ = {isa = PBXBuildFile; fileRef = ED26032D2391775700A67BAE /* LaunchScreen.storyboard */; };
		ED2603372391AB2400A67BAE /* ProgressTableViewController.swift in Sources */ = {isa = PBXBuildFile; fileRef = ED2603362391AB2400A67BAE /* ProgressTableViewController.swift */; };
		ED2603392391AB7800A67BAE /* CreateProgressViewController.swift in Sources */ = {isa = PBXBuildFile; fileRef = ED2603382391AB7800A67BAE /* CreateProgressViewController.swift */; };
/* End PBXBuildFile section */

/* Begin PBXFileReference section */
		ED26031C2391775500A67BAE /* Progress Jornal.app */ = {isa = PBXFileReference; explicitFileType = wrapper.application; includeInIndex = 0; path = "Progress Jornal.app"; sourceTree = BUILT_PRODUCTS_DIR; };
		ED26031F2391775500A67BAE /* AppDelegate.swift */ = {isa = PBXFileReference; lastKnownFileType = sourcecode.swift; path = AppDelegate.swift; sourceTree = "<group>"; };
		ED2603212391775500A67BAE /* SceneDelegate.swift */ = {isa = PBXFileReference; lastKnownFileType = sourcecode.swift; path = SceneDelegate.swift; sourceTree = "<group>"; };
		ED2603262391775500A67BAE /* Base */ = {isa = PBXFileReference; lastKnownFileType = file.storyboard; name = Base; path = Base.lproj/Main.storyboard; sourceTree = "<group>"; };
		ED2603292391775500A67BAE /* Progress_Jornal.xcdatamodel */ = {isa = PBXFileReference; lastKnownFileType = wrapper.xcdatamodel; path = Progress_Jornal.xcdatamodel; sourceTree = "<group>"; };
		ED26032B2391775700A67BAE /* Assets.xcassets */ = {isa = PBXFileReference; lastKnownFileType = folder.assetcatalog; path = Assets.xcassets; sourceTree = "<group>"; };
		ED26032E2391775700A67BAE /* Base */ = {isa = PBXFileReference; lastKnownFileType = file.storyboard; name = Base; path = Base.lproj/LaunchScreen.storyboard; sourceTree = "<group>"; };
		ED2603302391775700A67BAE /* Info.plist */ = {isa = PBXFileReference; lastKnownFileType = text.plist.xml; path = Info.plist; sourceTree = "<group>"; };
		ED2603362391AB2400A67BAE /* ProgressTableViewController.swift */ = {isa = PBXFileReference; lastKnownFileType = sourcecode.swift; path = ProgressTableViewController.swift; sourceTree = "<group>"; };
		ED2603382391AB7800A67BAE /* CreateProgressViewController.swift */ = {isa = PBXFileReference; lastKnownFileType = sourcecode.swift; path = CreateProgressViewController.swift; sourceTree = "<group>"; };
/* End PBXFileReference section */

/* Begin PBXFrameworksBuildPhase section */
		ED2603192391775500A67BAE /* Frameworks */ = {
			isa = PBXFrameworksBuildPhase;
			buildActionMask = 2147483647;
			files = (
			);
			runOnlyForDeploymentPostprocessing = 0;
		};
/* End PBXFrameworksBuildPhase section */

/* Begin PBXGroup section */
		ED2603132391775500A67BAE = {
			isa = PBXGroup;
			children = (
				ED26031E2391775500A67BAE /* Progress Jornal */,
				ED26031D2391775500A67BAE /* Products */,
			);
			sourceTree = "<group>";
		};
		ED26031D2391775500A67BAE /* Products */ = {
			isa = PBXGroup;
			children = (
				ED26031C2391775500A67BAE /* Progress Jornal.app */,
			);
			name = Products;
			sourceTree = "<group>";
		};
		ED26031E2391775500A67BAE /* Progress Jornal */ = {
			isa = PBXGroup;
			children = (
				ED26031F2391775500A67BAE /* AppDelegate.swift */,
				ED2603212391775500A67BAE /* SceneDelegate.swift */,
				ED2603252391775500A67BAE /* Main.storyboard */,
				ED26032B2391775700A67BAE /* Assets.xcassets */,
				ED26032D2391775700A67BAE /* LaunchScreen.storyboard */,
				ED2603302391775700A67BAE /* Info.plist */,
				ED2603282391775500A67BAE /* Progress_Jornal.xcdatamodeld */,
				ED2603362391AB2400A67BAE /* ProgressTableViewController.swift */,
				ED2603382391AB7800A67BAE /* CreateProgressViewController.swift */,
			);
			path = "Progress Jornal";
			sourceTree = "<group>";
		};
/* End PBXGroup section */

/* Begin PBXNativeTarget section */
		ED26031B2391775500A67BAE /* Progress Jornal */ = {
			isa = PBXNativeTarget;
			buildConfigurationList = ED2603332391775700A67BAE /* Build configuration list for PBXNativeTarget "Progress Jornal" */;
			buildPhases = (
				ED2603182391775500A67BAE /* Sources */,
				ED2603192391775500A67BAE /* Frameworks */,
				ED26031A2391775500A67BAE /* Resources */,
			);
			buildRules = (
			);
			dependencies = (
			);
			name = "Progress Jornal";
			productName = "Progress Jornal";
			productReference = ED26031C2391775500A67BAE /* Progress Jornal.app */;
			productType = "com.apple.product-type.application";
		};
/* End PBXNativeTarget section */

/* Begin PBXProject section */
		ED2603142391775500A67BAE /* Project object */ = {
			isa = PBXProject;
			attributes = {
				LastSwiftUpdateCheck = 1120;
				LastUpgradeCheck = 1120;
				ORGANIZATIONNAME = "Lucas Inocencio";
				TargetAttributes = {
					ED26031B2391775500A67BAE = {
						CreatedOnToolsVersion = 11.2.1;
					};
				};
			};
			buildConfigurationList = ED2603172391775500A67BAE /* Build configuration list for PBXProject "Progress Jornal" */;
			compatibilityVersion = "Xcode 9.3";
			developmentRegion = en;
			hasScannedForEncodings = 0;
			knownRegions = (
				en,
				Base,
			);
			mainGroup = ED2603132391775500A67BAE;
			productRefGroup = ED26031D2391775500A67BAE /* Products */;
			projectDirPath = "";
			projectRoot = "";
			targets = (
				ED26031B2391775500A67BAE /* Progress Jornal */,
			);
		};
/* End PBXProject section */

/* Begin PBXResourcesBuildPhase section */
		ED26031A2391775500A67BAE /* Resources */ = {
			isa = PBXResourcesBuildPhase;
			buildActionMask = 2147483647;
			files = (
				ED26032F2391775700A67BAE /* LaunchScreen.storyboard in Resources */,
				ED26032C2391775700A67BAE /* Assets.xcassets in Resources */,
				ED2603272391775500A67BAE /* Main.storyboard in Resources */,
			);
			runOnlyForDeploymentPostprocessing = 0;
		};
/* End PBXResourcesBuildPhase section */

/* Begin PBXSourcesBuildPhase section */
		ED2603182391775500A67BAE /* Sources */ = {
			isa = PBXSourcesBuildPhase;
			buildActionMask = 2147483647;
			files = (
				ED2603372391AB2400A67BAE /* ProgressTableViewController.swift in Sources */,
				ED2603202391775500A67BAE /* AppDelegate.swift in Sources */,
				ED26032A2391775500A67BAE /* Progress_Jornal.xcdatamodeld in Sources */,
				ED2603392391AB7800A67BAE /* CreateProgressViewController.swift in Sources */,
				ED2603222391775500A67BAE /* SceneDelegate.swift in Sources */,
			);
			runOnlyForDeploymentPostprocessing = 0;
		};
/* End PBXSourcesBuildPhase section */

/* Begin PBXVariantGroup section */
		ED2603252391775500A67BAE /* Main.storyboard */ = {
			isa = PBXVariantGroup;
			children = (
				ED2603262391775500A67BAE /* Base */,
			);
			name = Main.storyboard;
			sourceTree = "<group>";
		};
		ED26032D2391775700A67BAE /* LaunchScreen.storyboard */ = {
			isa = PBXVariantGroup;
			children = (
				ED26032E2391775700A67BAE /* Base */,
			);
			name = LaunchScreen.storyboard;
			sourceTree = "<group>";
		};
/* End PBXVariantGroup section */

/* Begin XCBuildConfiguration section */
		ED2603312391775700A67BAE /* Debug */ = {
			isa = XCBuildConfiguration;
			buildSettings = {
				ALWAYS_SEARCH_USER_PATHS = NO;
				CLANG_ANALYZER_NONNULL = YES;
				CLANG_ANALYZER_NUMBER_OBJECT_CONVERSION = YES_AGGRESSIVE;
				CLANG_CXX_LANGUAGE_STANDARD = "gnu++14";
				CLANG_CXX_LIBRARY = "libc++";
				CLANG_ENABLE_MODULES = YES;
				CLANG_ENABLE_OBJC_ARC = YES;
				CLANG_ENABLE_OBJC_WEAK = YES;
				CLANG_WARN_BLOCK_CAPTURE_AUTORELEASING = YES;
				CLANG_WARN_BOOL_CONVERSION = YES;
				CLANG_WARN_COMMA = YES;
				CLANG_WARN_CONSTANT_CONVERSION = YES;
				CLANG_WARN_DEPRECATED_OBJC_IMPLEMENTATIONS = YES;
				CLANG_WARN_DIRECT_OBJC_ISA_USAGE = YES_ERROR;
				CLANG_WARN_DOCUMENTATION_COMMENTS = YES;
				CLANG_WARN_EMPTY_BODY = YES;
				CLANG_WARN_ENUM_CONVERSION = YES;
				CLANG_WARN_INFINITE_RECURSION = YES;
				CLANG_WARN_INT_CONVERSION = YES;
				CLANG_WARN_NON_LITERAL_NULL_CONVERSION = YES;
				CLANG_WARN_OBJC_IMPLICIT_RETAIN_SELF = YES;
				CLANG_WARN_OBJC_LITERAL_CONVERSION = YES;
				CLANG_WARN_OBJC_ROOT_CLASS = YES_ERROR;
				CLANG_WARN_RANGE_LOOP_ANALYSIS = YES;
				CLANG_WARN_STRICT_PROTOTYPES = YES;
				CLANG_WARN_SUSPICIOUS_MOVE = YES;
				CLANG_WARN_UNGUARDED_AVAILABILITY = YES_AGGRESSIVE;
				CLANG_WARN_UNREACHABLE_CODE = YES;
				CLANG_WARN__DUPLICATE_METHOD_MATCH = YES;
				COPY_PHASE_STRIP = NO;
				DEBUG_INFORMATION_FORMAT = dwarf;
				ENABLE_STRICT_OBJC_MSGSEND = YES;
				ENABLE_TESTABILITY = YES;
				GCC_C_LANGUAGE_STANDARD = gnu11;
				GCC_DYNAMIC_NO_PIC = NO;
				GCC_NO_COMMON_BLOCKS = YES;
				GCC_OPTIMIZATION_LEVEL = 0;
				GCC_PREPROCESSOR_DEFINITIONS = (
					"DEBUG=1",
					"$(inherited)",
				);
				GCC_WARN_64_TO_32_BIT_CONVERSION = YES;
				GCC_WARN_ABOUT_RETURN_TYPE = YES_ERROR;
				GCC_WARN_UNDECLARED_SELECTOR = YES;
				GCC_WARN_UNINITIALIZED_AUTOS = YES_AGGRESSIVE;
				GCC_WARN_UNUSED_FUNCTION = YES;
				GCC_WARN_UNUSED_VARIABLE = YES;
				IPHONEOS_DEPLOYMENT_TARGET = 13.2;
				MTL_ENABLE_DEBUG_INFO = INCLUDE_SOURCE;
				MTL_FAST_MATH = YES;
				ONLY_ACTIVE_ARCH = YES;
				SDKROOT = iphoneos;
				SWIFT_ACTIVE_COMPILATION_CONDITIONS = DEBUG;
				SWIFT_OPTIMIZATION_LEVEL = "-Onone";
			};
			name = Debug;
		};
		ED2603322391775700A67BAE /* Release */ = {
			isa = XCBuildConfiguration;
			buildSettings = {
				ALWAYS_SEARCH_USER_PATHS = NO;
				CLANG_ANALYZER_NONNULL = YES;
				CLANG_ANALYZER_NUMBER_OBJECT_CONVERSION = YES_AGGRESSIVE;
				CLANG_CXX_LANGUAGE_STANDARD = "gnu++14";
				CLANG_CXX_LIBRARY = "libc++";
				CLANG_ENABLE_MODULES = YES;
				CLANG_ENABLE_OBJC_ARC = YES;
				CLANG_ENABLE_OBJC_WEAK = YES;
				CLANG_WARN_BLOCK_CAPTURE_AUTORELEASING = YES;
				CLANG_WARN_BOOL_CONVERSION = YES;
				CLANG_WARN_COMMA = YES;
				CLANG_WARN_CONSTANT_CONVERSION = YES;
				CLANG_WARN_DEPRECATED_OBJC_IMPLEMENTATIONS = YES;
				CLANG_WARN_DIRECT_OBJC_ISA_USAGE = YES_ERROR;
				CLANG_WARN_DOCUMENTATION_COMMENTS = YES;
				CLANG_WARN_EMPTY_BODY = YES;
				CLANG_WARN_ENUM_CONVERSION = YES;
				CLANG_WARN_INFINITE_RECURSION = YES;
				CLANG_WARN_INT_CONVERSION = YES;
				CLANG_WARN_NON_LITERAL_NULL_CONVERSION = YES;
				CLANG_WARN_OBJC_IMPLICIT_RETAIN_SELF = YES;
				CLANG_WARN_OBJC_LITERAL_CONVERSION = YES;
				CLANG_WARN_OBJC_ROOT_CLASS = YES_ERROR;
				CLANG_WARN_RANGE_LOOP_ANALYSIS = YES;
				CLANG_WARN_STRICT_PROTOTYPES = YES;
				CLANG_WARN_SUSPICIOUS_MOVE = YES;
				CLANG_WARN_UNGUARDED_AVAILABILITY = YES_AGGRESSIVE;
				CLANG_WARN_UNREACHABLE_CODE = YES;
				CLANG_WARN__DUPLICATE_METHOD_MATCH = YES;
				COPY_PHASE_STRIP = NO;
				DEBUG_INFORMATION_FORMAT = "dwarf-with-dsym";
				ENABLE_NS_ASSERTIONS = NO;
				ENABLE_STRICT_OBJC_MSGSEND = YES;
				GCC_C_LANGUAGE_STANDARD = gnu11;
				GCC_NO_COMMON_BLOCKS = YES;
				GCC_WARN_64_TO_32_BIT_CONVERSION = YES;
				GCC_WARN_ABOUT_RETURN_TYPE = YES_ERROR;
				GCC_WARN_UNDECLARED_SELECTOR = YES;
				GCC_WARN_UNINITIALIZED_AUTOS = YES_AGGRESSIVE;
				GCC_WARN_UNUSED_FUNCTION = YES;
				GCC_WARN_UNUSED_VARIABLE = YES;
				IPHONEOS_DEPLOYMENT_TARGET = 13.2;
				MTL_ENABLE_DEBUG_INFO = NO;
				MTL_FAST_MATH = YES;
				SDKROOT = iphoneos;
				SWIFT_COMPILATION_MODE = wholemodule;
				SWIFT_OPTIMIZATION_LEVEL = "-O";
				VALIDATE_PRODUCT = YES;
			};
			name = Release;
		};
		ED2603342391775700A67BAE /* Debug */ = {
			isa = XCBuildConfiguration;
			buildSettings = {
				ASSETCATALOG_COMPILER_APPICON_NAME = AppIcon;
				CODE_SIGN_STYLE = Automatic;
				DEVELOPMENT_TEAM = Y65JAZKR5L;
				INFOPLIST_FILE = "Progress Jornal/Info.plist";
				LD_RUNPATH_SEARCH_PATHS = (
					"$(inherited)",
					"@executable_path/Frameworks",
				);
				PRODUCT_BUNDLE_IDENTIFIER = "br.com.devmeist3r.Progress-Jornal";
				PRODUCT_NAME = "$(TARGET_NAME)";
				SWIFT_VERSION = 5.0;
				TARGETED_DEVICE_FAMILY = 1;
			};
			name = Debug;
		};
		ED2603352391775700A67BAE /* Release */ = {
			isa = XCBuildConfiguration;
			buildSettings = {
				ASSETCATALOG_COMPILER_APPICON_NAME = AppIcon;
				CODE_SIGN_STYLE = Automatic;
				DEVELOPMENT_TEAM = Y65JAZKR5L;
				INFOPLIST_FILE = "Progress Jornal/Info.plist";
				LD_RUNPATH_SEARCH_PATHS = (
					"$(inherited)",
					"@executable_path/Frameworks",
				);
				PRODUCT_BUNDLE_IDENTIFIER = "br.com.devmeist3r.Progress-Jornal";
				PRODUCT_NAME = "$(TARGET_NAME)";
				SWIFT_VERSION = 5.0;
				TARGETED_DEVICE_FAMILY = 1;
			};
			name = Release;
		};
/* End XCBuildConfiguration section */

/* Begin XCConfigurationList section */
		ED2603172391775500A67BAE /* Build configuration list for PBXProject "Progress Jornal" */ = {
			isa = XCConfigurationList;
			buildConfigurations = (
				ED2603312391775700A67BAE /* Debug */,
				ED2603322391775700A67BAE /* Release */,
			);
			defaultConfigurationIsVisible = 0;
			defaultConfigurationName = Release;
		};
		ED2603332391775700A67BAE /* Build configuration list for PBXNativeTarget "Progress Jornal" */ = {
			isa = XCConfigurationList;
			buildConfigurations = (
				ED2603342391775700A67BAE /* Debug */,
				ED2603352391775700A67BAE /* Release */,
			);
			defaultConfigurationIsVisible = 0;
			defaultConfigurationName = Release;
		};
/* End XCConfigurationList section */

/* Begin XCVersionGroup section */
		ED2603282391775500A67BAE /* Progress_Jornal.xcdatamodeld */ = {
			isa = XCVersionGroup;
			children = (
				ED2603292391775500A67BAE /* Progress_Jornal.xcdatamodel */,
			);
			currentVersion = ED2603292391775500A67BAE /* Progress_Jornal.xcdatamodel */;
			path = Progress_Jornal.xcdatamodeld;
			sourceTree = "<group>";
			versionGroupType = wrapper.xcdatamodel;
		};
/* End XCVersionGroup section */
	};
	rootObject = ED2603142391775500A67BAE /* Project object */;
}
