// !$*UTF8*$!
{
	archiveVersion = 1;
	classes = {
	};
	objectVersion = 50;
	objects = {

/* Begin PBXBuildFile section */
		E85234AD2392317F00ACE8BB /* AppDelegate.swift in Sources */ = {isa = PBXBuildFile; fileRef = E85234AC2392317F00ACE8BB /* AppDelegate.swift */; };
		E85234AF2392317F00ACE8BB /* SceneDelegate.swift in Sources */ = {isa = PBXBuildFile; fileRef = E85234AE2392317F00ACE8BB /* SceneDelegate.swift */; };
		E85234B12392317F00ACE8BB /* BitcoinViewController.swift in Sources */ = {isa = PBXBuildFile; fileRef = E85234B02392317F00ACE8BB /* BitcoinViewController.swift */; };
		E85234B42392317F00ACE8BB /* Main.storyboard in Resources */ = {isa = PBXBuildFile; fileRef = E85234B22392317F00ACE8BB /* Main.storyboard */; };
		E85234B62392318000ACE8BB /* Assets.xcassets in Resources */ = {isa = PBXBuildFile; fileRef = E85234B52392318000ACE8BB /* Assets.xcassets */; };
		E85234B92392318000ACE8BB /* LaunchScreen.storyboard in Resources */ = {isa = PBXBuildFile; fileRef = E85234B72392318000ACE8BB /* LaunchScreen.storyboard */; };
/* End PBXBuildFile section */

/* Begin PBXFileReference section */
		E85234A92392317F00ACE8BB /* Bitcoin Pricw.app */ = {isa = PBXFileReference; explicitFileType = wrapper.application; includeInIndex = 0; path = "Bitcoin Pricw.app"; sourceTree = BUILT_PRODUCTS_DIR; };
		E85234AC2392317F00ACE8BB /* AppDelegate.swift */ = {isa = PBXFileReference; lastKnownFileType = sourcecode.swift; path = AppDelegate.swift; sourceTree = "<group>"; };
		E85234AE2392317F00ACE8BB /* SceneDelegate.swift */ = {isa = PBXFileReference; lastKnownFileType = sourcecode.swift; path = SceneDelegate.swift; sourceTree = "<group>"; };
		E85234B02392317F00ACE8BB /* BitcoinViewController.swift */ = {isa = PBXFileReference; lastKnownFileType = sourcecode.swift; path = BitcoinViewController.swift; sourceTree = "<group>"; };
		E85234B32392317F00ACE8BB /* Base */ = {isa = PBXFileReference; lastKnownFileType = file.storyboard; name = Base; path = Base.lproj/Main.storyboard; sourceTree = "<group>"; };
		E85234B52392318000ACE8BB /* Assets.xcassets */ = {isa = PBXFileReference; lastKnownFileType = folder.assetcatalog; path = Assets.xcassets; sourceTree = "<group>"; };
		E85234B82392318000ACE8BB /* Base */ = {isa = PBXFileReference; lastKnownFileType = file.storyboard; name = Base; path = Base.lproj/LaunchScreen.storyboard; sourceTree = "<group>"; };
		E85234BA2392318000ACE8BB /* Info.plist */ = {isa = PBXFileReference; lastKnownFileType = text.plist.xml; path = Info.plist; sourceTree = "<group>"; };
/* End PBXFileReference section */

/* Begin PBXFrameworksBuildPhase section */
		E85234A62392317F00ACE8BB /* Frameworks */ = {
			isa = PBXFrameworksBuildPhase;
			buildActionMask = 2147483647;
			files = (
			);
			runOnlyForDeploymentPostprocessing = 0;
		};
/* End PBXFrameworksBuildPhase section */

/* Begin PBXGroup section */
		E85234A02392317F00ACE8BB = {
			isa = PBXGroup;
			children = (
				E85234AB2392317F00ACE8BB /* Bitcoin Pricw */,
				E85234AA2392317F00ACE8BB /* Products */,
			);
			sourceTree = "<group>";
		};
		E85234AA2392317F00ACE8BB /* Products */ = {
			isa = PBXGroup;
			children = (
				E85234A92392317F00ACE8BB /* Bitcoin Pricw.app */,
			);
			name = Products;
			sourceTree = "<group>";
		};
		E85234AB2392317F00ACE8BB /* Bitcoin Pricw */ = {
			isa = PBXGroup;
			children = (
				E85234AC2392317F00ACE8BB /* AppDelegate.swift */,
				E85234AE2392317F00ACE8BB /* SceneDelegate.swift */,
				E85234B02392317F00ACE8BB /* BitcoinViewController.swift */,
				E85234B22392317F00ACE8BB /* Main.storyboard */,
				E85234B52392318000ACE8BB /* Assets.xcassets */,
				E85234B72392318000ACE8BB /* LaunchScreen.storyboard */,
				E85234BA2392318000ACE8BB /* Info.plist */,
			);
			path = "Bitcoin Pricw";
			sourceTree = "<group>";
		};
/* End PBXGroup section */

/* Begin PBXNativeTarget section */
		E85234A82392317F00ACE8BB /* Bitcoin Pricw */ = {
			isa = PBXNativeTarget;
			buildConfigurationList = E85234BD2392318000ACE8BB /* Build configuration list for PBXNativeTarget "Bitcoin Pricw" */;
			buildPhases = (
				E85234A52392317F00ACE8BB /* Sources */,
				E85234A62392317F00ACE8BB /* Frameworks */,
				E85234A72392317F00ACE8BB /* Resources */,
			);
			buildRules = (
			);
			dependencies = (
			);
			name = "Bitcoin Pricw";
			productName = "Bitcoin Pricw";
			productReference = E85234A92392317F00ACE8BB /* Bitcoin Pricw.app */;
			productType = "com.apple.product-type.application";
		};
/* End PBXNativeTarget section */

/* Begin PBXProject section */
		E85234A12392317F00ACE8BB /* Project object */ = {
			isa = PBXProject;
			attributes = {
				LastSwiftUpdateCheck = 1120;
				LastUpgradeCheck = 1120;
				ORGANIZATIONNAME = "Lucas Inocencio";
				TargetAttributes = {
					E85234A82392317F00ACE8BB = {
						CreatedOnToolsVersion = 11.2.1;
					};
				};
			};
			buildConfigurationList = E85234A42392317F00ACE8BB /* Build configuration list for PBXProject "Bitcoin Pricw" */;
			compatibilityVersion = "Xcode 9.3";
			developmentRegion = en;
			hasScannedForEncodings = 0;
			knownRegions = (
				en,
				Base,
			);
			mainGroup = E85234A02392317F00ACE8BB;
			productRefGroup = E85234AA2392317F00ACE8BB /* Products */;
			projectDirPath = "";
			projectRoot = "";
			targets = (
				E85234A82392317F00ACE8BB /* Bitcoin Pricw */,
			);
		};
/* End PBXProject section */

/* Begin PBXResourcesBuildPhase section */
		E85234A72392317F00ACE8BB /* Resources */ = {
			isa = PBXResourcesBuildPhase;
			buildActionMask = 2147483647;
			files = (
				E85234B92392318000ACE8BB /* LaunchScreen.storyboard in Resources */,
				E85234B62392318000ACE8BB /* Assets.xcassets in Resources */,
				E85234B42392317F00ACE8BB /* Main.storyboard in Resources */,
			);
			runOnlyForDeploymentPostprocessing = 0;
		};
/* End PBXResourcesBuildPhase section */

/* Begin PBXSourcesBuildPhase section */
		E85234A52392317F00ACE8BB /* Sources */ = {
			isa = PBXSourcesBuildPhase;
			buildActionMask = 2147483647;
			files = (
				E85234B12392317F00ACE8BB /* BitcoinViewController.swift in Sources */,
				E85234AD2392317F00ACE8BB /* AppDelegate.swift in Sources */,
				E85234AF2392317F00ACE8BB /* SceneDelegate.swift in Sources */,
			);
			runOnlyForDeploymentPostprocessing = 0;
		};
/* End PBXSourcesBuildPhase section */

/* Begin PBXVariantGroup section */
		E85234B22392317F00ACE8BB /* Main.storyboard */ = {
			isa = PBXVariantGroup;
			children = (
				E85234B32392317F00ACE8BB /* Base */,
			);
			name = Main.storyboard;
			sourceTree = "<group>";
		};
		E85234B72392318000ACE8BB /* LaunchScreen.storyboard */ = {
			isa = PBXVariantGroup;
			children = (
				E85234B82392318000ACE8BB /* Base */,
			);
			name = LaunchScreen.storyboard;
			sourceTree = "<group>";
		};
/* End PBXVariantGroup section */

/* Begin XCBuildConfiguration section */
		E85234BB2392318000ACE8BB /* Debug */ = {
			isa = XCBuildConfiguration;
			buildSettings = {
				ALWAYS_SEARCH_USER_PATHS = NO;
				CLANG_ANALYZER_NONNULL = YES;
				CLANG_ANALYZER_NUMBER_OBJECT_CONVERSION = YES_AGGRESSIVE;
				CLANG_CXX_LANGUAGE_STANDARD = "gnu++14";
				CLANG_CXX_LIBRARY = "libc++";
				CLANG_ENABLE_MODULES = YES;
				CLANG_ENABLE_OBJC_ARC = YES;
				CLANG_ENABLE_OBJC_WEAK = YES;
				CLANG_WARN_BLOCK_CAPTURE_AUTORELEASING = YES;
				CLANG_WARN_BOOL_CONVERSION = YES;
				CLANG_WARN_COMMA = YES;
				CLANG_WARN_CONSTANT_CONVERSION = YES;
				CLANG_WARN_DEPRECATED_OBJC_IMPLEMENTATIONS = YES;
				CLANG_WARN_DIRECT_OBJC_ISA_USAGE = YES_ERROR;
				CLANG_WARN_DOCUMENTATION_COMMENTS = YES;
				CLANG_WARN_EMPTY_BODY = YES;
				CLANG_WARN_ENUM_CONVERSION = YES;
				CLANG_WARN_INFINITE_RECURSION = YES;
				CLANG_WARN_INT_CONVERSION = YES;
				CLANG_WARN_NON_LITERAL_NULL_CONVERSION = YES;
				CLANG_WARN_OBJC_IMPLICIT_RETAIN_SELF = YES;
				CLANG_WARN_OBJC_LITERAL_CONVERSION = YES;
				CLANG_WARN_OBJC_ROOT_CLASS = YES_ERROR;
				CLANG_WARN_RANGE_LOOP_ANALYSIS = YES;
				CLANG_WARN_STRICT_PROTOTYPES = YES;
				CLANG_WARN_SUSPICIOUS_MOVE = YES;
				CLANG_WARN_UNGUARDED_AVAILABILITY = YES_AGGRESSIVE;
				CLANG_WARN_UNREACHABLE_CODE = YES;
				CLANG_WARN__DUPLICATE_METHOD_MATCH = YES;
				COPY_PHASE_STRIP = NO;
				DEBUG_INFORMATION_FORMAT = dwarf;
				ENABLE_STRICT_OBJC_MSGSEND = YES;
				ENABLE_TESTABILITY = YES;
				GCC_C_LANGUAGE_STANDARD = gnu11;
				GCC_DYNAMIC_NO_PIC = NO;
				GCC_NO_COMMON_BLOCKS = YES;
				GCC_OPTIMIZATION_LEVEL = 0;
				GCC_PREPROCESSOR_DEFINITIONS = (
					"DEBUG=1",
					"$(inherited)",
				);
				GCC_WARN_64_TO_32_BIT_CONVERSION = YES;
				GCC_WARN_ABOUT_RETURN_TYPE = YES_ERROR;
				GCC_WARN_UNDECLARED_SELECTOR = YES;
				GCC_WARN_UNINITIALIZED_AUTOS = YES_AGGRESSIVE;
				GCC_WARN_UNUSED_FUNCTION = YES;
				GCC_WARN_UNUSED_VARIABLE = YES;
				IPHONEOS_DEPLOYMENT_TARGET = 13.2;
				MTL_ENABLE_DEBUG_INFO = INCLUDE_SOURCE;
				MTL_FAST_MATH = YES;
				ONLY_ACTIVE_ARCH = YES;
				SDKROOT = iphoneos;
				SWIFT_ACTIVE_COMPILATION_CONDITIONS = DEBUG;
				SWIFT_OPTIMIZATION_LEVEL = "-Onone";
			};
			name = Debug;
		};
		E85234BC2392318000ACE8BB /* Release */ = {
			isa = XCBuildConfiguration;
			buildSettings = {
				ALWAYS_SEARCH_USER_PATHS = NO;
				CLANG_ANALYZER_NONNULL = YES;
				CLANG_ANALYZER_NUMBER_OBJECT_CONVERSION = YES_AGGRESSIVE;
				CLANG_CXX_LANGUAGE_STANDARD = "gnu++14";
				CLANG_CXX_LIBRARY = "libc++";
				CLANG_ENABLE_MODULES = YES;
				CLANG_ENABLE_OBJC_ARC = YES;
				CLANG_ENABLE_OBJC_WEAK = YES;
				CLANG_WARN_BLOCK_CAPTURE_AUTORELEASING = YES;
				CLANG_WARN_BOOL_CONVERSION = YES;
				CLANG_WARN_COMMA = YES;
				CLANG_WARN_CONSTANT_CONVERSION = YES;
				CLANG_WARN_DEPRECATED_OBJC_IMPLEMENTATIONS = YES;
				CLANG_WARN_DIRECT_OBJC_ISA_USAGE = YES_ERROR;
				CLANG_WARN_DOCUMENTATION_COMMENTS = YES;
				CLANG_WARN_EMPTY_BODY = YES;
				CLANG_WARN_ENUM_CONVERSION = YES;
				CLANG_WARN_INFINITE_RECURSION = YES;
				CLANG_WARN_INT_CONVERSION = YES;
				CLANG_WARN_NON_LITERAL_NULL_CONVERSION = YES;
				CLANG_WARN_OBJC_IMPLICIT_RETAIN_SELF = YES;
				CLANG_WARN_OBJC_LITERAL_CONVERSION = YES;
				CLANG_WARN_OBJC_ROOT_CLASS = YES_ERROR;
				CLANG_WARN_RANGE_LOOP_ANALYSIS = YES;
				CLANG_WARN_STRICT_PROTOTYPES = YES;
				CLANG_WARN_SUSPICIOUS_MOVE = YES;
				CLANG_WARN_UNGUARDED_AVAILABILITY = YES_AGGRESSIVE;
				CLANG_WARN_UNREACHABLE_CODE = YES;
				CLANG_WARN__DUPLICATE_METHOD_MATCH = YES;
				COPY_PHASE_STRIP = NO;
				DEBUG_INFORMATION_FORMAT = "dwarf-with-dsym";
				ENABLE_NS_ASSERTIONS = NO;
				ENABLE_STRICT_OBJC_MSGSEND = YES;
				GCC_C_LANGUAGE_STANDARD = gnu11;
				GCC_NO_COMMON_BLOCKS = YES;
				GCC_WARN_64_TO_32_BIT_CONVERSION = YES;
				GCC_WARN_ABOUT_RETURN_TYPE = YES_ERROR;
				GCC_WARN_UNDECLARED_SELECTOR = YES;
				GCC_WARN_UNINITIALIZED_AUTOS = YES_AGGRESSIVE;
				GCC_WARN_UNUSED_FUNCTION = YES;
				GCC_WARN_UNUSED_VARIABLE = YES;
				IPHONEOS_DEPLOYMENT_TARGET = 13.2;
				MTL_ENABLE_DEBUG_INFO = NO;
				MTL_FAST_MATH = YES;
				SDKROOT = iphoneos;
				SWIFT_COMPILATION_MODE = wholemodule;
				SWIFT_OPTIMIZATION_LEVEL = "-O";
				VALIDATE_PRODUCT = YES;
			};
			name = Release;
		};
		E85234BE2392318000ACE8BB /* Debug */ = {
			isa = XCBuildConfiguration;
			buildSettings = {
				ASSETCATALOG_COMPILER_APPICON_NAME = AppIcon;
				CODE_SIGN_STYLE = Automatic;
				DEVELOPMENT_TEAM = Y65JAZKR5L;
				INFOPLIST_FILE = "Bitcoin Pricw/Info.plist";
				LD_RUNPATH_SEARCH_PATHS = (
					"$(inherited)",
					"@executable_path/Frameworks",
				);
				PRODUCT_BUNDLE_IDENTIFIER = "com.devemeist3r.Bitcoin-Pricw";
				PRODUCT_NAME = "$(TARGET_NAME)";
				SWIFT_VERSION = 5.0;
				TARGETED_DEVICE_FAMILY = 1;
			};
			name = Debug;
		};
		E85234BF2392318000ACE8BB /* Release */ = {
			isa = XCBuildConfiguration;
			buildSettings = {
				ASSETCATALOG_COMPILER_APPICON_NAME = AppIcon;
				CODE_SIGN_STYLE = Automatic;
				DEVELOPMENT_TEAM = Y65JAZKR5L;
				INFOPLIST_FILE = "Bitcoin Pricw/Info.plist";
				LD_RUNPATH_SEARCH_PATHS = (
					"$(inherited)",
					"@executable_path/Frameworks",
				);
				PRODUCT_BUNDLE_IDENTIFIER = "com.devemeist3r.Bitcoin-Pricw";
				PRODUCT_NAME = "$(TARGET_NAME)";
				SWIFT_VERSION = 5.0;
				TARGETED_DEVICE_FAMILY = 1;
			};
			name = Release;
		};
/* End XCBuildConfiguration section */

/* Begin XCConfigurationList section */
		E85234A42392317F00ACE8BB /* Build configuration list for PBXProject "Bitcoin Pricw" */ = {
			isa = XCConfigurationList;
			buildConfigurations = (
				E85234BB2392318000ACE8BB /* Debug */,
				E85234BC2392318000ACE8BB /* Release */,
			);
			defaultConfigurationIsVisible = 0;
			defaultConfigurationName = Release;
		};
		E85234BD2392318000ACE8BB /* Build configuration list for PBXNativeTarget "Bitcoin Pricw" */ = {
			isa = XCConfigurationList;
			buildConfigurations = (
				E85234BE2392318000ACE8BB /* Debug */,
				E85234BF2392318000ACE8BB /* Release */,
			);
			defaultConfigurationIsVisible = 0;
			defaultConfigurationName = Release;
		};
/* End XCConfigurationList section */
	};
	rootObject = E85234A12392317F00ACE8BB /* Project object */;
}
